
Microsoft Visual Studio Solution File, Format Version 12.00
# Visual Studio Version 16
VisualStudioVersion = 16.0.31702.278
MinimumVisualStudioVersion = 10.0.40219.1
Project("{888888A0-9F3D-457C-B088-3A5042F75D52}") = "2_draw", "2_draw\2_draw.pyproj", "{5B62C273-0060-49DC-8D30-980499D8986B}"
EndProject
Global
	GlobalSection(SolutionConfigurationPlatforms) = preSolution
		Debug|Any CPU = Debug|Any CPU
		Release|Any CPU = Release|Any CPU
	EndGlobalSection
	GlobalSection(ProjectConfigurationPlatforms) = postSolution
		{5B62C273-0060-49DC-8D30-980499D8986B}.Debug|Any CPU.ActiveCfg = Debug|Any CPU
		{5B62C273-0060-49DC-8D30-980499D8986B}.Release|Any CPU.ActiveCfg = Release|Any CPU
	EndGlobalSection
	GlobalSection(SolutionProperties) = preSolution
		HideSolutionNode = FALSE
	EndGlobalSection
	GlobalSection(ExtensibilityGlobals) = postSolution
		SolutionGuid = {032C5D41-37E9-4A9A-8E75-6120814CD91F}
	EndGlobalSection
EndGlobal
