
Microsoft Visual Studio Solution File, Format Version 12.00
# Visual Studio Version 16
VisualStudioVersion = 16.0.31624.102
MinimumVisualStudioVersion = 10.0.40219.1
Project("{888888A0-9F3D-457C-B088-3A5042F75D52}") = "Exercise 3", "Exercise 3\Exercise 3.pyproj", "{FC694D08-32F6-480E-B769-5774709902D4}"
EndProject
Global
	GlobalSection(SolutionConfigurationPlatforms) = preSolution
		Debug|Any CPU = Debug|Any CPU
		Release|Any CPU = Release|Any CPU
	EndGlobalSection
	GlobalSection(ProjectConfigurationPlatforms) = postSolution
		{FC694D08-32F6-480E-B769-5774709902D4}.Debug|Any CPU.ActiveCfg = Debug|Any CPU
		{FC694D08-32F6-480E-B769-5774709902D4}.Release|Any CPU.ActiveCfg = Release|Any CPU
	EndGlobalSection
	GlobalSection(SolutionProperties) = preSolution
		HideSolutionNode = FALSE
	EndGlobalSection
	GlobalSection(ExtensibilityGlobals) = postSolution
		SolutionGuid = {2FC25000-B8EE-43E5-BBEC-76CF9EF690BF}
	EndGlobalSection
EndGlobal
