
Microsoft Visual Studio Solution File, Format Version 12.00
# Visual Studio Version 16
VisualStudioVersion = 16.0.31624.102
MinimumVisualStudioVersion = 10.0.40219.1
Project("{888888A0-9F3D-457C-B088-3A5042F75D52}") = "Exercise 5", "Exercise 5\Exercise 5.pyproj", "{63085A92-1742-4846-BF6D-4D7DB975390F}"
EndProject
Global
	GlobalSection(SolutionConfigurationPlatforms) = preSolution
		Debug|Any CPU = Debug|Any CPU
		Release|Any CPU = Release|Any CPU
	EndGlobalSection
	GlobalSection(ProjectConfigurationPlatforms) = postSolution
		{63085A92-1742-4846-BF6D-4D7DB975390F}.Debug|Any CPU.ActiveCfg = Debug|Any CPU
		{63085A92-1742-4846-BF6D-4D7DB975390F}.Release|Any CPU.ActiveCfg = Release|Any CPU
	EndGlobalSection
	GlobalSection(SolutionProperties) = preSolution
		HideSolutionNode = FALSE
	EndGlobalSection
	GlobalSection(ExtensibilityGlobals) = postSolution
		SolutionGuid = {5FC35D94-40D4-471D-A994-AD99BBE99FD8}
	EndGlobalSection
EndGlobal
